
Microsoft Visual Studio Solution File, Format Version 12.00
# Visual Studio 15
Project("{FAE04EC0-301F-11D3-BF4B-00C04F79EFBC}") = "Assembly-CSharp", "Assembly-CSharp.csproj", "{A246B1A8-64B6-F64F-B67F-C6F3D3B85046}"
EndProject
Project("{FAE04EC0-301F-11D3-BF4B-00C04F79EFBC}") = "Assembly-CSharp-Editor", "Assembly-CSharp-Editor.csproj", "{3A6DB57E-95A5-A141-74ED-A7B54BFED5C3}"
EndProject
Global
	GlobalSection(SolutionConfigurationPlatforms) = preSolution
		Debug|Any CPU = Debug|Any CPU
		Release|Any CPU = Release|Any CPU
	EndGlobalSection
	GlobalSection(ProjectConfigurationPlatforms) = postSolution
		{A246B1A8-64B6-F64F-B67F-C6F3D3B85046}.Debug|Any CPU.ActiveCfg = Debug|Any CPU
		{A246B1A8-64B6-F64F-B67F-C6F3D3B85046}.Debug|Any CPU.Build.0 = Debug|Any CPU
		{A246B1A8-64B6-F64F-B67F-C6F3D3B85046}.Release|Any CPU.ActiveCfg = Release|Any CPU
		{A246B1A8-64B6-F64F-B67F-C6F3D3B85046}.Release|Any CPU.Build.0 = Release|Any CPU
		{3A6DB57E-95A5-A141-74ED-A7B54BFED5C3}.Debug|Any CPU.ActiveCfg = Debug|Any CPU
		{3A6DB57E-95A5-A141-74ED-A7B54BFED5C3}.Debug|Any CPU.Build.0 = Debug|Any CPU
		{3A6DB57E-95A5-A141-74ED-A7B54BFED5C3}.Release|Any CPU.ActiveCfg = Release|Any CPU
		{3A6DB57E-95A5-A141-74ED-A7B54BFED5C3}.Release|Any CPU.Build.0 = Release|Any CPU
	EndGlobalSection
	GlobalSection(SolutionProperties) = preSolution
		HideSolutionNode = FALSE
	EndGlobalSection
EndGlobal
